
Microsoft Visual Studio Solution File, Format Version 12.00
# Visual Studio Version 17
VisualStudioVersion = 17.5.002.0
MinimumVisualStudioVersion = 10.0.40219.1
Project("{9A19103F-16F7-4668-BE54-9A1E7A4F7556}") = "PicSell", "PicSell.csproj", "{E4D908DA-0EBA-431B-AD6E-8A38814CDFC5}"
EndProject
Global
	GlobalSection(SolutionConfigurationPlatforms) = preSolution
		Debug|Any CPU = Debug|Any CPU
		Release|Any CPU = Release|Any CPU
	EndGlobalSection
	GlobalSection(ProjectConfigurationPlatforms) = postSolution
		{E4D908DA-0EBA-431B-AD6E-8A38814CDFC5}.Debug|Any CPU.ActiveCfg = Debug|Any CPU
		{E4D908DA-0EBA-431B-AD6E-8A38814CDFC5}.Debug|Any CPU.Build.0 = Debug|Any CPU
		{E4D908DA-0EBA-431B-AD6E-8A38814CDFC5}.Release|Any CPU.ActiveCfg = Release|Any CPU
		{E4D908DA-0EBA-431B-AD6E-8A38814CDFC5}.Release|Any CPU.Build.0 = Release|Any CPU
	EndGlobalSection
	GlobalSection(SolutionProperties) = preSolution
		HideSolutionNode = FALSE
	EndGlobalSection
	GlobalSection(ExtensibilityGlobals) = postSolution
		SolutionGuid = {1543B889-0864-4E1F-B452-666CF0D04AA4}
	EndGlobalSection
EndGlobal
